{
  "name": "mugparse",
  "version": "1.0.0",
  "lockfileVersion": 1,
  "requires": true,
  "dependencies": {
    "csv-stream": {
      "version": "0.1.3",
      "resolved": "https://registry.npmjs.org/csv-stream/-/csv-stream-0.1.3.tgz",
      "integrity": "sha1-esqTRePX86YShcs12ZBJ+ho9lMQ="
    }
  }
}
